
Microsoft Visual Studio Solution File, Format Version 12.00
# Visual Studio 15
VisualStudioVersion = 15.0.26228.9
MinimumVisualStudioVersion = 10.0.40219.1
Project("{FAE04EC0-301F-11D3-BF4B-00C04F79EFBC}") = "CrossZero.Lesson1", "CrossZero.Lesson1\CrossZero.Lesson1.csproj", "{A6CAF444-71E6-43D5-8E99-4B65F626D77E}"
EndProject
Project("{FAE04EC0-301F-11D3-BF4B-00C04F79EFBC}") = "WebApplicationStatistic", "WebApplicationStatistic\WebApplicationStatistic.csproj", "{F9DB5C19-0504-4A2A-AA04-D59026B06EA0}"
EndProject
Global
	GlobalSection(SolutionConfigurationPlatforms) = preSolution
		Debug|Any CPU = Debug|Any CPU
		Release|Any CPU = Release|Any CPU
	EndGlobalSection
	GlobalSection(ProjectConfigurationPlatforms) = postSolution
		{A6CAF444-71E6-43D5-8E99-4B65F626D77E}.Debug|Any CPU.ActiveCfg = Debug|Any CPU
		{A6CAF444-71E6-43D5-8E99-4B65F626D77E}.Debug|Any CPU.Build.0 = Debug|Any CPU
		{A6CAF444-71E6-43D5-8E99-4B65F626D77E}.Release|Any CPU.ActiveCfg = Release|Any CPU
		{A6CAF444-71E6-43D5-8E99-4B65F626D77E}.Release|Any CPU.Build.0 = Release|Any CPU
		{F9DB5C19-0504-4A2A-AA04-D59026B06EA0}.Debug|Any CPU.ActiveCfg = Debug|Any CPU
		{F9DB5C19-0504-4A2A-AA04-D59026B06EA0}.Debug|Any CPU.Build.0 = Debug|Any CPU
		{F9DB5C19-0504-4A2A-AA04-D59026B06EA0}.Release|Any CPU.ActiveCfg = Release|Any CPU
		{F9DB5C19-0504-4A2A-AA04-D59026B06EA0}.Release|Any CPU.Build.0 = Release|Any CPU
	EndGlobalSection
	GlobalSection(SolutionProperties) = preSolution
		HideSolutionNode = FALSE
	EndGlobalSection
EndGlobal
